
Microsoft Visual Studio Solution File, Format Version 12.00
# Visual Studio Version 16
VisualStudioVersion = 16.0.30406.217
MinimumVisualStudioVersion = 10.0.40219.1
Project("{FAE04EC0-301F-11D3-BF4B-00C04F79EFBC}") = "ElectionBot", "ElectionBot\ElectionBot.csproj", "{A7D2239C-E77F-48EE-874E-4F99B55E7395}"
EndProject
Global
	GlobalSection(SolutionConfigurationPlatforms) = preSolution
		Debug|Any CPU = Debug|Any CPU
		Release|Any CPU = Release|Any CPU
	EndGlobalSection
	GlobalSection(ProjectConfigurationPlatforms) = postSolution
		{A7D2239C-E77F-48EE-874E-4F99B55E7395}.Debug|Any CPU.ActiveCfg = Debug|Any CPU
		{A7D2239C-E77F-48EE-874E-4F99B55E7395}.Debug|Any CPU.Build.0 = Debug|Any CPU
		{A7D2239C-E77F-48EE-874E-4F99B55E7395}.Release|Any CPU.ActiveCfg = Release|Any CPU
		{A7D2239C-E77F-48EE-874E-4F99B55E7395}.Release|Any CPU.Build.0 = Release|Any CPU
	EndGlobalSection
	GlobalSection(SolutionProperties) = preSolution
		HideSolutionNode = FALSE
	EndGlobalSection
	GlobalSection(ExtensibilityGlobals) = postSolution
		SolutionGuid = {ED06FD56-3ECB-46C3-A9C1-21CB2E5C86A2}
	EndGlobalSection
EndGlobal
